<?xml version="1.0" encoding="utf-8"?>
<Project ToolsVersion="4.0" xmlns="http://schemas.microsoft.com/developer/msbuild/2003">
  <ItemGroup>
    <Filter Include="源文件">
      <UniqueIdentifier>{4FC737F1-C7A5-4376-A066-2A32D752A2FF}</UniqueIdentifier>
      <Extensions>cpp;c;cc;cxx;def;odl;idl;hpj;bat;asm;asmx</Extensions>
    </Filter>
    <Filter Include="头文件">
      <UniqueIdentifier>{93995380-89BD-4b04-88EB-625FBE52EBFB}</UniqueIdentifier>
      <Extensions>h;hh;hpp;hxx;hm;inl;inc;xsd</Extensions>
    </Filter>
    <Filter Include="资源文件">
      <UniqueIdentifier>{67DA6AB6-F800-4c08-8B7A-83BB121AAD01}</UniqueIdentifier>
      <Extensions>rc;ico;cur;bmp;dlg;rc2;rct;bin;rgs;gif;jpg;jpeg;jpe;resx;tiff;tif;png;wav;mfcribbon-ms</Extensions>
    </Filter>
  </ItemGroup>
  <ItemGroup>
    <ClCompile Include="file\FileLoader.cpp">
      <Filter>源文件</Filter>
    </ClCompile>
    <ClCompile Include="SDL\Renderer.cpp">
      <Filter>源文件</Filter>
    </ClCompile>
    <ClCompile Include="SDL\AnimationFactory.cpp">
      <Filter>源文件</Filter>
    </ClCompile>
    <ClCompile Include="SDL\Scene.cpp">
      <Filter>源文件</Filter>
    </ClCompile>
    <ClCompile Include="SDL\Spirit.cpp">
      <Filter>源文件</Filter>
    </ClCompile>
    <ClCompile Include="SDL\Text.cpp">
      <Filter>源文件</Filter>
    </ClCompile>
    <ClCompile Include="SDL\EventInterface.cpp">
      <Filter>源文件</Filter>
    </ClCompile>
    <ClCompile Include="SDL\Director.cpp">
      <Filter>源文件</Filter>
    </ClCompile>
    <ClCompile Include="menus\StartMenu.cpp">
      <Filter>源文件</Filter>
    </ClCompile>
    <ClCompile Include="ground\Ground.cpp">
      <Filter>源文件</Filter>
    </ClCompile>
    <ClCompile Include="ground\Maps.cpp">
      <Filter>源文件</Filter>
    </ClCompile>
    <ClCompile Include="ground\Missile.cpp">
      <Filter>源文件</Filter>
    </ClCompile>
    <ClCompile Include="ground\Mover.cpp">
      <Filter>源文件</Filter>
    </ClCompile>
    <ClCompile Include="ground\Tank.cpp">
      <Filter>源文件</Filter>
    </ClCompile>
    <ClCompile Include="ground\TankFactory.cpp">
      <Filter>源文件</Filter>
    </ClCompile>
    <ClCompile Include="games\Games.cpp">
      <Filter>源文件</Filter>
    </ClCompile>
    <ClCompile Include="games\Player.cpp">
      <Filter>源文件</Filter>
    </ClCompile>
    <ClCompile Include="games\AI.cpp">
      <Filter>源文件</Filter>
    </ClCompile>
    <ClCompile Include="menus\StateMenu.cpp">
      <Filter>源文件</Filter>
    </ClCompile>
    <ClCompile Include="SDL\Timer.cpp">
      <Filter>源文件</Filter>
    </ClCompile>
    <ClCompile Include="games\CustomMap.cpp">
      <Filter>源文件</Filter>
    </ClCompile>
  </ItemGroup>
  <ItemGroup>
    <ClInclude Include="Event.h">
      <Filter>头文件</Filter>
    </ClInclude>
    <ClInclude Include="FileLoader.h">
      <Filter>头文件</Filter>
    </ClInclude>
    <ClInclude Include="Renderer.h">
      <Filter>头文件</Filter>
    </ClInclude>
    <ClInclude Include="SDL\AnimationFactory.h">
      <Filter>头文件</Filter>
    </ClInclude>
    <ClInclude Include="Scene.h">
      <Filter>头文件</Filter>
    </ClInclude>
    <ClInclude Include="Spirit.h">
      <Filter>头文件</Filter>
    </ClInclude>
    <ClInclude Include="Text.h">
      <Filter>头文件</Filter>
    </ClInclude>
    <ClInclude Include="Director.h">
      <Filter>头文件</Filter>
    </ClInclude>
    <ClInclude Include="TANKS.h">
      <Filter>头文件</Filter>
    </ClInclude>
    <ClInclude Include="StartMenu.h">
      <Filter>头文件</Filter>
    </ClInclude>
    <ClInclude Include="Games.h">
      <Filter>头文件</Filter>
    </ClInclude>
    <ClInclude Include="ground\TankFactory.h">
      <Filter>头文件</Filter>
    </ClInclude>
    <ClInclude Include="ground\Ground.h">
      <Filter>头文件</Filter>
    </ClInclude>
    <ClInclude Include="ground\Maps.h">
      <Filter>头文件</Filter>
    </ClInclude>
    <ClInclude Include="ground\Missile.h">
      <Filter>头文件</Filter>
    </ClInclude>
    <ClInclude Include="ground\Mover.h">
      <Filter>头文件</Filter>
    </ClInclude>
    <ClInclude Include="ground\Tank.h">
      <Filter>头文件</Filter>
    </ClInclude>
    <ClInclude Include="games\Player.h">
      <Filter>头文件</Filter>
    </ClInclude>
    <ClInclude Include="games\AI.h">
      <Filter>头文件</Filter>
    </ClInclude>
    <ClInclude Include="StateMenu.h">
      <Filter>头文件</Filter>
    </ClInclude>
    <ClInclude Include="Timer.h">
      <Filter>头文件</Filter>
    </ClInclude>
    <ClInclude Include="games\CustomMap.h">
      <Filter>头文件</Filter>
    </ClInclude>
  </ItemGroup>
  <ItemGroup>
    <None Include="libfreetype-6.dll" />
    <None Include="libjpeg-9.dll" />
    <None Include="libpng16-16.dll" />
    <None Include="libtiff-5.dll" />
    <None Include="libwebp-4.dll" />
    <None Include="SDL2.dll" />
    <None Include="SDL2_image.dll" />
    <None Include="SDL2_ttf.dll" />
    <None Include="zlib1.dll" />
    <None Include="ClassDiagram.cd" />
    <None Include="TANK.cd" />
    <None Include="TANK.dat" />
  </ItemGroup>
  <ItemGroup>
    <Font Include="simkai.ttf" />
  </ItemGroup>
</Project>